
Microsoft Visual Studio Solution File, Format Version 12.00
# Visual Studio 14
VisualStudioVersion = 14.0.24720.0
MinimumVisualStudioVersion = 10.0.40219.1
Project("{F184B08F-C81C-45F6-A57F-5ABD9991F28F}") = "VenturoDrive V2", "VenturoDrive V2.vbproj", "{17062542-3ADE-4E3F-BDD2-5BFA55807DDC}"
EndProject
Global
	GlobalSection(SolutionConfigurationPlatforms) = preSolution
		Debug|Any CPU = Debug|Any CPU
		Release|Any CPU = Release|Any CPU
	EndGlobalSection
	GlobalSection(ProjectConfigurationPlatforms) = postSolution
		{17062542-3ADE-4E3F-BDD2-5BFA55807DDC}.Debug|Any CPU.ActiveCfg = Debug|Any CPU
		{17062542-3ADE-4E3F-BDD2-5BFA55807DDC}.Debug|Any CPU.Build.0 = Debug|Any CPU
		{17062542-3ADE-4E3F-BDD2-5BFA55807DDC}.Release|Any CPU.ActiveCfg = Release|Any CPU
		{17062542-3ADE-4E3F-BDD2-5BFA55807DDC}.Release|Any CPU.Build.0 = Release|Any CPU
	EndGlobalSection
	GlobalSection(SolutionProperties) = preSolution
		HideSolutionNode = FALSE
	EndGlobalSection
EndGlobal
